// !$*UTF8*$!
{
	archiveVersion = 1;
	classes = {
	};
	objectVersion = 50;
	objects = {

/* Begin PBXBuildFile section */
		800C3CD72357A91900E8D5BB /* AuthorsRoute.swift in Sources */ = {isa = PBXBuildFile; fileRef = 800C3CD62357A91900E8D5BB /* AuthorsRoute.swift */; };
		800C3CD92357A92200E8D5BB /* AuthorsRouter.swift in Sources */ = {isa = PBXBuildFile; fileRef = 800C3CD82357A92200E8D5BB /* AuthorsRouter.swift */; };
		800C3CDB2357A93100E8D5BB /* AuthorsViewController.swift in Sources */ = {isa = PBXBuildFile; fileRef = 800C3CDA2357A93100E8D5BB /* AuthorsViewController.swift */; };
		800C3CDD2357A93B00E8D5BB /* AuthorsViewModel.swift in Sources */ = {isa = PBXBuildFile; fileRef = 800C3CDC2357A93B00E8D5BB /* AuthorsViewModel.swift */; };
		800C3CE22357B0AD00E8D5BB /* Box.swift in Sources */ = {isa = PBXBuildFile; fileRef = 800C3CE12357B0AD00E8D5BB /* Box.swift */; };
		800C3CE62357B19500E8D5BB /* AuthorCell.swift in Sources */ = {isa = PBXBuildFile; fileRef = 800C3CE42357B19500E8D5BB /* AuthorCell.swift */; };
		800C3CE72357B19500E8D5BB /* AuthorCell.xib in Resources */ = {isa = PBXBuildFile; fileRef = 800C3CE52357B19500E8D5BB /* AuthorCell.xib */; };
		800C3CE92357B1A800E8D5BB /* AuthorCellViewModel.swift in Sources */ = {isa = PBXBuildFile; fileRef = 800C3CE82357B1A800E8D5BB /* AuthorCellViewModel.swift */; };
		800C3CEB2357B55000E8D5BB /* UINib+Loader.swift in Sources */ = {isa = PBXBuildFile; fileRef = 800C3CEA2357B55000E8D5BB /* UINib+Loader.swift */; };
		800C3CEE2357B5BB00E8D5BB /* UIApplication+Extension.swift in Sources */ = {isa = PBXBuildFile; fileRef = 800C3CED2357B5BB00E8D5BB /* UIApplication+Extension.swift */; };
		800C3CF12357B94900E8D5BB /* CustomImageView.swift in Sources */ = {isa = PBXBuildFile; fileRef = 800C3CF02357B94900E8D5BB /* CustomImageView.swift */; };
		800C3CF923586F8700E8D5BB /* UIImageView+Extension.swift in Sources */ = {isa = PBXBuildFile; fileRef = 800C3CF823586F8700E8D5BB /* UIImageView+Extension.swift */; };
		800C3CFD23587C7E00E8D5BB /* Localizable.strings in Resources */ = {isa = PBXBuildFile; fileRef = 800C3CFF23587C7E00E8D5BB /* Localizable.strings */; };
		800C3D0223587CFC00E8D5BB /* i18n.swift in Sources */ = {isa = PBXBuildFile; fileRef = 800C3D0123587CFC00E8D5BB /* i18n.swift */; };
		800C3D0423587D3B00E8D5BB /* String+Extension.swift in Sources */ = {isa = PBXBuildFile; fileRef = 800C3D0323587D3B00E8D5BB /* String+Extension.swift */; };
		800C3D0A2358856100E8D5BB /* NetworkingUtilities.swift in Sources */ = {isa = PBXBuildFile; fileRef = 800C3D092358856100E8D5BB /* NetworkingUtilities.swift */; };
		804EC80123535709008F17FD /* AppDelegate.swift in Sources */ = {isa = PBXBuildFile; fileRef = 804EC80023535709008F17FD /* AppDelegate.swift */; };
		804EC80623535709008F17FD /* Main.storyboard in Resources */ = {isa = PBXBuildFile; fileRef = 804EC80423535709008F17FD /* Main.storyboard */; };
		804EC8082353570E008F17FD /* Assets.xcassets in Resources */ = {isa = PBXBuildFile; fileRef = 804EC8072353570E008F17FD /* Assets.xcassets */; };
		804EC80B2353570E008F17FD /* LaunchScreen.storyboard in Resources */ = {isa = PBXBuildFile; fileRef = 804EC8092353570E008F17FD /* LaunchScreen.storyboard */; };
		804EC8162353570E008F17FD /* TestSymphonyTests.swift in Sources */ = {isa = PBXBuildFile; fileRef = 804EC8152353570E008F17FD /* TestSymphonyTests.swift */; };
		804EC82B23535B75008F17FD /* Animator.swift in Sources */ = {isa = PBXBuildFile; fileRef = 804EC82623535B75008F17FD /* Animator.swift */; };
		804EC82C23535B75008F17FD /* ModalTransition.swift in Sources */ = {isa = PBXBuildFile; fileRef = 804EC82723535B75008F17FD /* ModalTransition.swift */; };
		804EC82D23535B75008F17FD /* Router.swift in Sources */ = {isa = PBXBuildFile; fileRef = 804EC82823535B75008F17FD /* Router.swift */; };
		804EC82E23535B75008F17FD /* Transition.swift in Sources */ = {isa = PBXBuildFile; fileRef = 804EC82923535B75008F17FD /* Transition.swift */; };
		804EC82F23535B75008F17FD /* PushTransition.swift in Sources */ = {isa = PBXBuildFile; fileRef = 804EC82A23535B75008F17FD /* PushTransition.swift */; };
		804EC83223535BC3008F17FD /* UIStoryboard+Loader.swift in Sources */ = {isa = PBXBuildFile; fileRef = 804EC83123535BC3008F17FD /* UIStoryboard+Loader.swift */; };
		804EC83523535CEE008F17FD /* Author.swift in Sources */ = {isa = PBXBuildFile; fileRef = 804EC83423535CEE008F17FD /* Author.swift */; };
		804EC83723535D85008F17FD /* Address.swift in Sources */ = {isa = PBXBuildFile; fileRef = 804EC83623535D85008F17FD /* Address.swift */; };
		804EC83923535E15008F17FD /* Post.swift in Sources */ = {isa = PBXBuildFile; fileRef = 804EC83823535E15008F17FD /* Post.swift */; };
		804EC83B23535EB6008F17FD /* Comment.swift in Sources */ = {isa = PBXBuildFile; fileRef = 804EC83A23535EB6008F17FD /* Comment.swift */; };
		804EC83F23536044008F17FD /* APIError.swift in Sources */ = {isa = PBXBuildFile; fileRef = 804EC83E23536044008F17FD /* APIError.swift */; };
		804EC84123536066008F17FD /* NetworkingAPI.swift in Sources */ = {isa = PBXBuildFile; fileRef = 804EC84023536066008F17FD /* NetworkingAPI.swift */; };
		804EC84423536209008F17FD /* Endpoint.swift in Sources */ = {isa = PBXBuildFile; fileRef = 804EC84323536209008F17FD /* Endpoint.swift */; };
		804EC84623536247008F17FD /* Authors.swift in Sources */ = {isa = PBXBuildFile; fileRef = 804EC84523536247008F17FD /* Authors.swift */; };
		804EC849235363E5008F17FD /* APIConstents.swift in Sources */ = {isa = PBXBuildFile; fileRef = 804EC848235363E5008F17FD /* APIConstents.swift */; };
		804EC84C23536644008F17FD /* AuthorsServices.swift in Sources */ = {isa = PBXBuildFile; fileRef = 804EC84B23536644008F17FD /* AuthorsServices.swift */; };
		80C67307235B0EB200391199 /* Posts.swift in Sources */ = {isa = PBXBuildFile; fileRef = 80C67306235B0EB200391199 /* Posts.swift */; };
		80C67309235B0F5700391199 /* PostsServices.swift in Sources */ = {isa = PBXBuildFile; fileRef = 80C67308235B0F5700391199 /* PostsServices.swift */; };
		80C6730C235B111800391199 /* PostsRoute.swift in Sources */ = {isa = PBXBuildFile; fileRef = 80C6730B235B111800391199 /* PostsRoute.swift */; };
		80C6730E235B112500391199 /* PostsRouter.swift in Sources */ = {isa = PBXBuildFile; fileRef = 80C6730D235B112500391199 /* PostsRouter.swift */; };
		80C67310235B113800391199 /* PostsViewController.swift in Sources */ = {isa = PBXBuildFile; fileRef = 80C6730F235B113800391199 /* PostsViewController.swift */; };
		80C67312235B114300391199 /* PostsViewModel.swift in Sources */ = {isa = PBXBuildFile; fileRef = 80C67311235B114300391199 /* PostsViewModel.swift */; };
		80C67316235C4C1500391199 /* AuthorHeaderView.swift in Sources */ = {isa = PBXBuildFile; fileRef = 80C67315235C4C1500391199 /* AuthorHeaderView.swift */; };
		80C67318235C4C3600391199 /* AuthorHeaderView.xib in Resources */ = {isa = PBXBuildFile; fileRef = 80C67317235C4C3600391199 /* AuthorHeaderView.xib */; };
		80C6731C235C55EF00391199 /* PostCell.swift in Sources */ = {isa = PBXBuildFile; fileRef = 80C6731A235C55EF00391199 /* PostCell.swift */; };
		80C6731D235C55EF00391199 /* PostCell.xib in Resources */ = {isa = PBXBuildFile; fileRef = 80C6731B235C55EF00391199 /* PostCell.xib */; };
		80C6731F235C5FBC00391199 /* PostCellViewModel.swift in Sources */ = {isa = PBXBuildFile; fileRef = 80C6731E235C5FBC00391199 /* PostCellViewModel.swift */; };
		80C67322235C64D400391199 /* Utilities.swift in Sources */ = {isa = PBXBuildFile; fileRef = 80C67321235C64D400391199 /* Utilities.swift */; };
		80C67324235C6A2800391199 /* Date+Extension.swift in Sources */ = {isa = PBXBuildFile; fileRef = 80C67323235C6A2800391199 /* Date+Extension.swift */; };
/* End PBXBuildFile section */

/* Begin PBXContainerItemProxy section */
		804EC8122353570E008F17FD /* PBXContainerItemProxy */ = {
			isa = PBXContainerItemProxy;
			containerPortal = 804EC7F523535709008F17FD /* Project object */;
			proxyType = 1;
			remoteGlobalIDString = 804EC7FC23535709008F17FD;
			remoteInfo = TestSymphony;
		};
/* End PBXContainerItemProxy section */

/* Begin PBXFileReference section */
		800C3CD62357A91900E8D5BB /* AuthorsRoute.swift */ = {isa = PBXFileReference; lastKnownFileType = sourcecode.swift; path = AuthorsRoute.swift; sourceTree = "<group>"; };
		800C3CD82357A92200E8D5BB /* AuthorsRouter.swift */ = {isa = PBXFileReference; lastKnownFileType = sourcecode.swift; path = AuthorsRouter.swift; sourceTree = "<group>"; };
		800C3CDA2357A93100E8D5BB /* AuthorsViewController.swift */ = {isa = PBXFileReference; lastKnownFileType = sourcecode.swift; path = AuthorsViewController.swift; sourceTree = "<group>"; };
		800C3CDC2357A93B00E8D5BB /* AuthorsViewModel.swift */ = {isa = PBXFileReference; lastKnownFileType = sourcecode.swift; path = AuthorsViewModel.swift; sourceTree = "<group>"; };
		800C3CE12357B0AD00E8D5BB /* Box.swift */ = {isa = PBXFileReference; lastKnownFileType = sourcecode.swift; path = Box.swift; sourceTree = "<group>"; };
		800C3CE42357B19500E8D5BB /* AuthorCell.swift */ = {isa = PBXFileReference; lastKnownFileType = sourcecode.swift; path = AuthorCell.swift; sourceTree = "<group>"; };
		800C3CE52357B19500E8D5BB /* AuthorCell.xib */ = {isa = PBXFileReference; lastKnownFileType = file.xib; path = AuthorCell.xib; sourceTree = "<group>"; };
		800C3CE82357B1A800E8D5BB /* AuthorCellViewModel.swift */ = {isa = PBXFileReference; lastKnownFileType = sourcecode.swift; path = AuthorCellViewModel.swift; sourceTree = "<group>"; };
		800C3CEA2357B55000E8D5BB /* UINib+Loader.swift */ = {isa = PBXFileReference; lastKnownFileType = sourcecode.swift; path = "UINib+Loader.swift"; sourceTree = "<group>"; };
		800C3CED2357B5BB00E8D5BB /* UIApplication+Extension.swift */ = {isa = PBXFileReference; lastKnownFileType = sourcecode.swift; path = "UIApplication+Extension.swift"; sourceTree = "<group>"; };
		800C3CF02357B94900E8D5BB /* CustomImageView.swift */ = {isa = PBXFileReference; lastKnownFileType = sourcecode.swift; path = CustomImageView.swift; sourceTree = "<group>"; };
		800C3CF823586F8700E8D5BB /* UIImageView+Extension.swift */ = {isa = PBXFileReference; lastKnownFileType = sourcecode.swift; path = "UIImageView+Extension.swift"; sourceTree = "<group>"; };
		800C3CFE23587C7E00E8D5BB /* en */ = {isa = PBXFileReference; lastKnownFileType = text.plist.strings; name = en; path = en.lproj/Localizable.strings; sourceTree = "<group>"; };
		800C3D0023587CB900E8D5BB /* fr */ = {isa = PBXFileReference; lastKnownFileType = text.plist.strings; name = fr; path = fr.lproj/Localizable.strings; sourceTree = "<group>"; };
		800C3D0123587CFC00E8D5BB /* i18n.swift */ = {isa = PBXFileReference; lastKnownFileType = sourcecode.swift; path = i18n.swift; sourceTree = "<group>"; };
		800C3D0323587D3B00E8D5BB /* String+Extension.swift */ = {isa = PBXFileReference; lastKnownFileType = sourcecode.swift; path = "String+Extension.swift"; sourceTree = "<group>"; };
		800C3D092358856100E8D5BB /* NetworkingUtilities.swift */ = {isa = PBXFileReference; lastKnownFileType = sourcecode.swift; path = NetworkingUtilities.swift; sourceTree = "<group>"; };
		804EC7FD23535709008F17FD /* TestSymphony.app */ = {isa = PBXFileReference; explicitFileType = wrapper.application; includeInIndex = 0; path = TestSymphony.app; sourceTree = BUILT_PRODUCTS_DIR; };
		804EC80023535709008F17FD /* AppDelegate.swift */ = {isa = PBXFileReference; lastKnownFileType = sourcecode.swift; path = AppDelegate.swift; sourceTree = "<group>"; };
		804EC80523535709008F17FD /* Base */ = {isa = PBXFileReference; lastKnownFileType = file.storyboard; name = Base; path = Base.lproj/Main.storyboard; sourceTree = "<group>"; };
		804EC8072353570E008F17FD /* Assets.xcassets */ = {isa = PBXFileReference; lastKnownFileType = folder.assetcatalog; path = Assets.xcassets; sourceTree = "<group>"; };
		804EC80A2353570E008F17FD /* Base */ = {isa = PBXFileReference; lastKnownFileType = file.storyboard; name = Base; path = Base.lproj/LaunchScreen.storyboard; sourceTree = "<group>"; };
		804EC80C2353570E008F17FD /* Info.plist */ = {isa = PBXFileReference; lastKnownFileType = text.plist.xml; path = Info.plist; sourceTree = "<group>"; };
		804EC8112353570E008F17FD /* TestSymphonyTests.xctest */ = {isa = PBXFileReference; explicitFileType = wrapper.cfbundle; includeInIndex = 0; path = TestSymphonyTests.xctest; sourceTree = BUILT_PRODUCTS_DIR; };
		804EC8152353570E008F17FD /* TestSymphonyTests.swift */ = {isa = PBXFileReference; lastKnownFileType = sourcecode.swift; path = TestSymphonyTests.swift; sourceTree = "<group>"; };
		804EC8172353570E008F17FD /* Info.plist */ = {isa = PBXFileReference; lastKnownFileType = text.plist.xml; path = Info.plist; sourceTree = "<group>"; };
		804EC82623535B75008F17FD /* Animator.swift */ = {isa = PBXFileReference; fileEncoding = 4; lastKnownFileType = sourcecode.swift; path = Animator.swift; sourceTree = "<group>"; };
		804EC82723535B75008F17FD /* ModalTransition.swift */ = {isa = PBXFileReference; fileEncoding = 4; lastKnownFileType = sourcecode.swift; path = ModalTransition.swift; sourceTree = "<group>"; };
		804EC82823535B75008F17FD /* Router.swift */ = {isa = PBXFileReference; fileEncoding = 4; lastKnownFileType = sourcecode.swift; path = Router.swift; sourceTree = "<group>"; };
		804EC82923535B75008F17FD /* Transition.swift */ = {isa = PBXFileReference; fileEncoding = 4; lastKnownFileType = sourcecode.swift; path = Transition.swift; sourceTree = "<group>"; };
		804EC82A23535B75008F17FD /* PushTransition.swift */ = {isa = PBXFileReference; fileEncoding = 4; lastKnownFileType = sourcecode.swift; path = PushTransition.swift; sourceTree = "<group>"; };
		804EC83123535BC3008F17FD /* UIStoryboard+Loader.swift */ = {isa = PBXFileReference; lastKnownFileType = sourcecode.swift; path = "UIStoryboard+Loader.swift"; sourceTree = "<group>"; };
		804EC83423535CEE008F17FD /* Author.swift */ = {isa = PBXFileReference; lastKnownFileType = sourcecode.swift; path = Author.swift; sourceTree = "<group>"; };
		804EC83623535D85008F17FD /* Address.swift */ = {isa = PBXFileReference; lastKnownFileType = sourcecode.swift; path = Address.swift; sourceTree = "<group>"; };
		804EC83823535E15008F17FD /* Post.swift */ = {isa = PBXFileReference; lastKnownFileType = sourcecode.swift; path = Post.swift; sourceTree = "<group>"; };
		804EC83A23535EB6008F17FD /* Comment.swift */ = {isa = PBXFileReference; lastKnownFileType = sourcecode.swift; path = Comment.swift; sourceTree = "<group>"; };
		804EC83E23536044008F17FD /* APIError.swift */ = {isa = PBXFileReference; lastKnownFileType = sourcecode.swift; path = APIError.swift; sourceTree = "<group>"; };
		804EC84023536066008F17FD /* NetworkingAPI.swift */ = {isa = PBXFileReference; lastKnownFileType = sourcecode.swift; path = NetworkingAPI.swift; sourceTree = "<group>"; };
		804EC84323536209008F17FD /* Endpoint.swift */ = {isa = PBXFileReference; lastKnownFileType = sourcecode.swift; path = Endpoint.swift; sourceTree = "<group>"; };
		804EC84523536247008F17FD /* Authors.swift */ = {isa = PBXFileReference; lastKnownFileType = sourcecode.swift; path = Authors.swift; sourceTree = "<group>"; };
		804EC848235363E5008F17FD /* APIConstents.swift */ = {isa = PBXFileReference; lastKnownFileType = sourcecode.swift; path = APIConstents.swift; sourceTree = "<group>"; };
		804EC84B23536644008F17FD /* AuthorsServices.swift */ = {isa = PBXFileReference; lastKnownFileType = sourcecode.swift; path = AuthorsServices.swift; sourceTree = "<group>"; };
		80C67306235B0EB200391199 /* Posts.swift */ = {isa = PBXFileReference; lastKnownFileType = sourcecode.swift; path = Posts.swift; sourceTree = "<group>"; };
		80C67308235B0F5700391199 /* PostsServices.swift */ = {isa = PBXFileReference; lastKnownFileType = sourcecode.swift; path = PostsServices.swift; sourceTree = "<group>"; };
		80C6730B235B111800391199 /* PostsRoute.swift */ = {isa = PBXFileReference; lastKnownFileType = sourcecode.swift; path = PostsRoute.swift; sourceTree = "<group>"; };
		80C6730D235B112500391199 /* PostsRouter.swift */ = {isa = PBXFileReference; lastKnownFileType = sourcecode.swift; path = PostsRouter.swift; sourceTree = "<group>"; };
		80C6730F235B113800391199 /* PostsViewController.swift */ = {isa = PBXFileReference; lastKnownFileType = sourcecode.swift; path = PostsViewController.swift; sourceTree = "<group>"; };
		80C67311235B114300391199 /* PostsViewModel.swift */ = {isa = PBXFileReference; lastKnownFileType = sourcecode.swift; path = PostsViewModel.swift; sourceTree = "<group>"; };
		80C67315235C4C1500391199 /* AuthorHeaderView.swift */ = {isa = PBXFileReference; lastKnownFileType = sourcecode.swift; path = AuthorHeaderView.swift; sourceTree = "<group>"; };
		80C67317235C4C3600391199 /* AuthorHeaderView.xib */ = {isa = PBXFileReference; lastKnownFileType = file.xib; path = AuthorHeaderView.xib; sourceTree = "<group>"; };
		80C6731A235C55EF00391199 /* PostCell.swift */ = {isa = PBXFileReference; lastKnownFileType = sourcecode.swift; path = PostCell.swift; sourceTree = "<group>"; };
		80C6731B235C55EF00391199 /* PostCell.xib */ = {isa = PBXFileReference; lastKnownFileType = file.xib; path = PostCell.xib; sourceTree = "<group>"; };
		80C6731E235C5FBC00391199 /* PostCellViewModel.swift */ = {isa = PBXFileReference; lastKnownFileType = sourcecode.swift; path = PostCellViewModel.swift; sourceTree = "<group>"; };
		80C67321235C64D400391199 /* Utilities.swift */ = {isa = PBXFileReference; lastKnownFileType = sourcecode.swift; path = Utilities.swift; sourceTree = "<group>"; };
		80C67323235C6A2800391199 /* Date+Extension.swift */ = {isa = PBXFileReference; lastKnownFileType = sourcecode.swift; path = "Date+Extension.swift"; sourceTree = "<group>"; };
/* End PBXFileReference section */

/* Begin PBXFrameworksBuildPhase section */
		804EC7FA23535709008F17FD /* Frameworks */ = {
			isa = PBXFrameworksBuildPhase;
			buildActionMask = 2147483647;
			files = (
			);
			runOnlyForDeploymentPostprocessing = 0;
		};
		804EC80E2353570E008F17FD /* Frameworks */ = {
			isa = PBXFrameworksBuildPhase;
			buildActionMask = 2147483647;
			files = (
			);
			runOnlyForDeploymentPostprocessing = 0;
		};
/* End PBXFrameworksBuildPhase section */

/* Begin PBXGroup section */
		800C3CD52357A90500E8D5BB /* Authors */ = {
			isa = PBXGroup;
			children = (
				800C3CD62357A91900E8D5BB /* AuthorsRoute.swift */,
				800C3CD82357A92200E8D5BB /* AuthorsRouter.swift */,
				800C3CDA2357A93100E8D5BB /* AuthorsViewController.swift */,
				800C3CDC2357A93B00E8D5BB /* AuthorsViewModel.swift */,
				800C3CDE2357AA4E00E8D5BB /* Cells */,
			);
			path = Authors;
			sourceTree = "<group>";
		};
		800C3CDE2357AA4E00E8D5BB /* Cells */ = {
			isa = PBXGroup;
			children = (
				800C3CE32357B17A00E8D5BB /* Author Cell */,
			);
			path = Cells;
			sourceTree = "<group>";
		};
		800C3CDF2357B09A00E8D5BB /* Common */ = {
			isa = PBXGroup;
			children = (
				80C67320235C649000391199 /* Utilities */,
				800C3CEF2357B93100E8D5BB /* Base Elements */,
				800C3CE02357B0A400E8D5BB /* Box */,
				800C3CEC2357B5AA00E8D5BB /* Extensions */,
				800C3CFA23587C3A00E8D5BB /* Localization */,
			);
			path = Common;
			sourceTree = "<group>";
		};
		800C3CE02357B0A400E8D5BB /* Box */ = {
			isa = PBXGroup;
			children = (
				800C3CE12357B0AD00E8D5BB /* Box.swift */,
			);
			path = Box;
			sourceTree = "<group>";
		};
		800C3CE32357B17A00E8D5BB /* Author Cell */ = {
			isa = PBXGroup;
			children = (
				800C3CE42357B19500E8D5BB /* AuthorCell.swift */,
				800C3CE82357B1A800E8D5BB /* AuthorCellViewModel.swift */,
				800C3CE52357B19500E8D5BB /* AuthorCell.xib */,
			);
			path = "Author Cell";
			sourceTree = "<group>";
		};
		800C3CEC2357B5AA00E8D5BB /* Extensions */ = {
			isa = PBXGroup;
			children = (
				80C67323235C6A2800391199 /* Date+Extension.swift */,
				800C3D0323587D3B00E8D5BB /* String+Extension.swift */,
				800C3CED2357B5BB00E8D5BB /* UIApplication+Extension.swift */,
				800C3CF823586F8700E8D5BB /* UIImageView+Extension.swift */,
			);
			path = Extensions;
			sourceTree = "<group>";
		};
		800C3CEF2357B93100E8D5BB /* Base Elements */ = {
			isa = PBXGroup;
			children = (
				800C3CF02357B94900E8D5BB /* CustomImageView.swift */,
			);
			path = "Base Elements";
			sourceTree = "<group>";
		};
		800C3CFA23587C3A00E8D5BB /* Localization */ = {
			isa = PBXGroup;
			children = (
				800C3D0123587CFC00E8D5BB /* i18n.swift */,
				800C3CFF23587C7E00E8D5BB /* Localizable.strings */,
			);
			path = Localization;
			sourceTree = "<group>";
		};
		800C3D0523587DA500E8D5BB /* Launch Screen */ = {
			isa = PBXGroup;
			children = (
				804EC8092353570E008F17FD /* LaunchScreen.storyboard */,
			);
			path = "Launch Screen";
			sourceTree = "<group>";
		};
		804EC7F423535709008F17FD = {
			isa = PBXGroup;
			children = (
				804EC7FF23535709008F17FD /* TestSymphony */,
				804EC8142353570E008F17FD /* TestSymphonyTests */,
				804EC7FE23535709008F17FD /* Products */,
			);
			sourceTree = "<group>";
		};
		804EC7FE23535709008F17FD /* Products */ = {
			isa = PBXGroup;
			children = (
				804EC7FD23535709008F17FD /* TestSymphony.app */,
				804EC8112353570E008F17FD /* TestSymphonyTests.xctest */,
			);
			name = Products;
			sourceTree = "<group>";
		};
		804EC7FF23535709008F17FD /* TestSymphony */ = {
			isa = PBXGroup;
			children = (
				804EC8202353573A008F17FD /* Application Delegate */,
				800C3CDF2357B09A00E8D5BB /* Common */,
				804EC83323535CBF008F17FD /* Models */,
				804EC821235357AA008F17FD /* Modules */,
				804EC83C23536013008F17FD /* Networking */,
				804EC822235357BF008F17FD /* Resources */,
				804EC82423535B38008F17FD /* Routing */,
				804EC84A23536633008F17FD /* Services */,
				804EC823235357CE008F17FD /* Supporting Files */,
			);
			path = TestSymphony;
			sourceTree = "<group>";
		};
		804EC8142353570E008F17FD /* TestSymphonyTests */ = {
			isa = PBXGroup;
			children = (
				804EC8152353570E008F17FD /* TestSymphonyTests.swift */,
				804EC8172353570E008F17FD /* Info.plist */,
			);
			path = TestSymphonyTests;
			sourceTree = "<group>";
		};
		804EC8202353573A008F17FD /* Application Delegate */ = {
			isa = PBXGroup;
			children = (
				804EC80023535709008F17FD /* AppDelegate.swift */,
			);
			path = "Application Delegate";
			sourceTree = "<group>";
		};
		804EC821235357AA008F17FD /* Modules */ = {
			isa = PBXGroup;
			children = (
				800C3CD52357A90500E8D5BB /* Authors */,
				800C3D0523587DA500E8D5BB /* Launch Screen */,
				80C6730A235B10EC00391199 /* Posts */,
				804EC80423535709008F17FD /* Main.storyboard */,
			);
			path = Modules;
			sourceTree = "<group>";
		};
		804EC822235357BF008F17FD /* Resources */ = {
			isa = PBXGroup;
			children = (
				804EC8072353570E008F17FD /* Assets.xcassets */,
			);
			path = Resources;
			sourceTree = "<group>";
		};
		804EC823235357CE008F17FD /* Supporting Files */ = {
			isa = PBXGroup;
			children = (
				804EC80C2353570E008F17FD /* Info.plist */,
			);
			path = "Supporting Files";
			sourceTree = "<group>";
		};
		804EC82423535B38008F17FD /* Routing */ = {
			isa = PBXGroup;
			children = (
				804EC82523535B44008F17FD /* Core */,
				804EC83023535BB1008F17FD /* Loaders */,
			);
			path = Routing;
			sourceTree = "<group>";
		};
		804EC82523535B44008F17FD /* Core */ = {
			isa = PBXGroup;
			children = (
				804EC82623535B75008F17FD /* Animator.swift */,
				804EC82723535B75008F17FD /* ModalTransition.swift */,
				804EC82A23535B75008F17FD /* PushTransition.swift */,
				804EC82823535B75008F17FD /* Router.swift */,
				804EC82923535B75008F17FD /* Transition.swift */,
			);
			path = Core;
			sourceTree = "<group>";
		};
		804EC83023535BB1008F17FD /* Loaders */ = {
			isa = PBXGroup;
			children = (
				800C3CEA2357B55000E8D5BB /* UINib+Loader.swift */,
				804EC83123535BC3008F17FD /* UIStoryboard+Loader.swift */,
			);
			path = Loaders;
			sourceTree = "<group>";
		};
		804EC83323535CBF008F17FD /* Models */ = {
			isa = PBXGroup;
			children = (
				804EC83623535D85008F17FD /* Address.swift */,
				804EC83423535CEE008F17FD /* Author.swift */,
				804EC83A23535EB6008F17FD /* Comment.swift */,
				804EC83823535E15008F17FD /* Post.swift */,
			);
			path = Models;
			sourceTree = "<group>";
		};
		804EC83C23536013008F17FD /* Networking */ = {
			isa = PBXGroup;
			children = (
				804EC83D23536026008F17FD /* API */,
				804EC847235363C2008F17FD /* Common */,
				804EC842235361E9008F17FD /* Endpoints */,
			);
			path = Networking;
			sourceTree = "<group>";
		};
		804EC83D23536026008F17FD /* API */ = {
			isa = PBXGroup;
			children = (
				804EC83E23536044008F17FD /* APIError.swift */,
				804EC84023536066008F17FD /* NetworkingAPI.swift */,
				800C3D092358856100E8D5BB /* NetworkingUtilities.swift */,
			);
			path = API;
			sourceTree = "<group>";
		};
		804EC842235361E9008F17FD /* Endpoints */ = {
			isa = PBXGroup;
			children = (
				804EC84523536247008F17FD /* Authors.swift */,
				80C67306235B0EB200391199 /* Posts.swift */,
			);
			path = Endpoints;
			sourceTree = "<group>";
		};
		804EC847235363C2008F17FD /* Common */ = {
			isa = PBXGroup;
			children = (
				804EC84323536209008F17FD /* Endpoint.swift */,
				804EC848235363E5008F17FD /* APIConstents.swift */,
			);
			path = Common;
			sourceTree = "<group>";
		};
		804EC84A23536633008F17FD /* Services */ = {
			isa = PBXGroup;
			children = (
				804EC84B23536644008F17FD /* AuthorsServices.swift */,
				80C67308235B0F5700391199 /* PostsServices.swift */,
			);
			path = Services;
			sourceTree = "<group>";
		};
		80C6730A235B10EC00391199 /* Posts */ = {
			isa = PBXGroup;
			children = (
				80C6730B235B111800391199 /* PostsRoute.swift */,
				80C6730D235B112500391199 /* PostsRouter.swift */,
				80C6730F235B113800391199 /* PostsViewController.swift */,
				80C67311235B114300391199 /* PostsViewModel.swift */,
				80C67313235C4BD000391199 /* Cells */,
			);
			path = Posts;
			sourceTree = "<group>";
		};
		80C67313235C4BD000391199 /* Cells */ = {
			isa = PBXGroup;
			children = (
				80C67314235C4BDD00391199 /* Author Header View */,
				80C67319235C55C500391199 /* Post Cell */,
			);
			path = Cells;
			sourceTree = "<group>";
		};
		80C67314235C4BDD00391199 /* Author Header View */ = {
			isa = PBXGroup;
			children = (
				80C67315235C4C1500391199 /* AuthorHeaderView.swift */,
				80C67317235C4C3600391199 /* AuthorHeaderView.xib */,
			);
			path = "Author Header View";
			sourceTree = "<group>";
		};
		80C67319235C55C500391199 /* Post Cell */ = {
			isa = PBXGroup;
			children = (
				80C6731A235C55EF00391199 /* PostCell.swift */,
				80C6731E235C5FBC00391199 /* PostCellViewModel.swift */,
				80C6731B235C55EF00391199 /* PostCell.xib */,
			);
			path = "Post Cell";
			sourceTree = "<group>";
		};
		80C67320235C649000391199 /* Utilities */ = {
			isa = PBXGroup;
			children = (
				80C67321235C64D400391199 /* Utilities.swift */,
			);
			path = Utilities;
			sourceTree = "<group>";
		};
/* End PBXGroup section */

/* Begin PBXNativeTarget section */
		804EC7FC23535709008F17FD /* TestSymphony */ = {
			isa = PBXNativeTarget;
			buildConfigurationList = 804EC81A2353570E008F17FD /* Build configuration list for PBXNativeTarget "TestSymphony" */;
			buildPhases = (
				804EC7F923535709008F17FD /* Sources */,
				804EC7FA23535709008F17FD /* Frameworks */,
				804EC7FB23535709008F17FD /* Resources */,
			);
			buildRules = (
			);
			dependencies = (
			);
			name = TestSymphony;
			productName = TestSymphony;
			productReference = 804EC7FD23535709008F17FD /* TestSymphony.app */;
			productType = "com.apple.product-type.application";
		};
		804EC8102353570E008F17FD /* TestSymphonyTests */ = {
			isa = PBXNativeTarget;
			buildConfigurationList = 804EC81D2353570E008F17FD /* Build configuration list for PBXNativeTarget "TestSymphonyTests" */;
			buildPhases = (
				804EC80D2353570E008F17FD /* Sources */,
				804EC80E2353570E008F17FD /* Frameworks */,
				804EC80F2353570E008F17FD /* Resources */,
			);
			buildRules = (
			);
			dependencies = (
				804EC8132353570E008F17FD /* PBXTargetDependency */,
			);
			name = TestSymphonyTests;
			productName = TestSymphonyTests;
			productReference = 804EC8112353570E008F17FD /* TestSymphonyTests.xctest */;
			productType = "com.apple.product-type.bundle.unit-test";
		};
/* End PBXNativeTarget section */

/* Begin PBXProject section */
		804EC7F523535709008F17FD /* Project object */ = {
			isa = PBXProject;
			attributes = {
				LastSwiftUpdateCheck = 1020;
				LastUpgradeCheck = 1020;
				ORGANIZATIONNAME = "Raed MEZRAOUI";
				TargetAttributes = {
					804EC7FC23535709008F17FD = {
						CreatedOnToolsVersion = 10.2.1;
					};
					804EC8102353570E008F17FD = {
						CreatedOnToolsVersion = 10.2.1;
						TestTargetID = 804EC7FC23535709008F17FD;
					};
				};
			};
			buildConfigurationList = 804EC7F823535709008F17FD /* Build configuration list for PBXProject "TestSymphony" */;
			compatibilityVersion = "Xcode 9.3";
			developmentRegion = en;
			hasScannedForEncodings = 0;
			knownRegions = (
				en,
				Base,
				fr,
			);
			mainGroup = 804EC7F423535709008F17FD;
			productRefGroup = 804EC7FE23535709008F17FD /* Products */;
			projectDirPath = "";
			projectRoot = "";
			targets = (
				804EC7FC23535709008F17FD /* TestSymphony */,
				804EC8102353570E008F17FD /* TestSymphonyTests */,
			);
		};
/* End PBXProject section */

/* Begin PBXResourcesBuildPhase section */
		804EC7FB23535709008F17FD /* Resources */ = {
			isa = PBXResourcesBuildPhase;
			buildActionMask = 2147483647;
			files = (
				80C67318235C4C3600391199 /* AuthorHeaderView.xib in Resources */,
				800C3CFD23587C7E00E8D5BB /* Localizable.strings in Resources */,
				804EC80B2353570E008F17FD /* LaunchScreen.storyboard in Resources */,
				80C6731D235C55EF00391199 /* PostCell.xib in Resources */,
				804EC8082353570E008F17FD /* Assets.xcassets in Resources */,
				800C3CE72357B19500E8D5BB /* AuthorCell.xib in Resources */,
				804EC80623535709008F17FD /* Main.storyboard in Resources */,
			);
			runOnlyForDeploymentPostprocessing = 0;
		};
		804EC80F2353570E008F17FD /* Resources */ = {
			isa = PBXResourcesBuildPhase;
			buildActionMask = 2147483647;
			files = (
			);
			runOnlyForDeploymentPostprocessing = 0;
		};
/* End PBXResourcesBuildPhase section */

/* Begin PBXSourcesBuildPhase section */
		804EC7F923535709008F17FD /* Sources */ = {
			isa = PBXSourcesBuildPhase;
			buildActionMask = 2147483647;
			files = (
				804EC84123536066008F17FD /* NetworkingAPI.swift in Sources */,
				804EC82E23535B75008F17FD /* Transition.swift in Sources */,
				80C6731C235C55EF00391199 /* PostCell.swift in Sources */,
				804EC83923535E15008F17FD /* Post.swift in Sources */,
				804EC82F23535B75008F17FD /* PushTransition.swift in Sources */,
				800C3CEE2357B5BB00E8D5BB /* UIApplication+Extension.swift in Sources */,
				804EC84423536209008F17FD /* Endpoint.swift in Sources */,
				800C3CD92357A92200E8D5BB /* AuthorsRouter.swift in Sources */,
				80C67322235C64D400391199 /* Utilities.swift in Sources */,
				800C3D0423587D3B00E8D5BB /* String+Extension.swift in Sources */,
				800C3CE62357B19500E8D5BB /* AuthorCell.swift in Sources */,
				80C67324235C6A2800391199 /* Date+Extension.swift in Sources */,
				804EC82C23535B75008F17FD /* ModalTransition.swift in Sources */,
				800C3CDD2357A93B00E8D5BB /* AuthorsViewModel.swift in Sources */,
				800C3CE92357B1A800E8D5BB /* AuthorCellViewModel.swift in Sources */,
				80C67310235B113800391199 /* PostsViewController.swift in Sources */,
				800C3D0223587CFC00E8D5BB /* i18n.swift in Sources */,
				80C67316235C4C1500391199 /* AuthorHeaderView.swift in Sources */,
				80C67309235B0F5700391199 /* PostsServices.swift in Sources */,
				804EC83523535CEE008F17FD /* Author.swift in Sources */,
				804EC83723535D85008F17FD /* Address.swift in Sources */,
				804EC82B23535B75008F17FD /* Animator.swift in Sources */,
				800C3CF923586F8700E8D5BB /* UIImageView+Extension.swift in Sources */,
				804EC849235363E5008F17FD /* APIConstents.swift in Sources */,
				80C6730C235B111800391199 /* PostsRoute.swift in Sources */,
				804EC83B23535EB6008F17FD /* Comment.swift in Sources */,
				800C3CE22357B0AD00E8D5BB /* Box.swift in Sources */,
				800C3CF12357B94900E8D5BB /* CustomImageView.swift in Sources */,
				800C3D0A2358856100E8D5BB /* NetworkingUtilities.swift in Sources */,
				800C3CEB2357B55000E8D5BB /* UINib+Loader.swift in Sources */,
				80C6731F235C5FBC00391199 /* PostCellViewModel.swift in Sources */,
				804EC82D23535B75008F17FD /* Router.swift in Sources */,
				804EC83223535BC3008F17FD /* UIStoryboard+Loader.swift in Sources */,
				800C3CDB2357A93100E8D5BB /* AuthorsViewController.swift in Sources */,
				804EC84C23536644008F17FD /* AuthorsServices.swift in Sources */,
				800C3CD72357A91900E8D5BB /* AuthorsRoute.swift in Sources */,
				804EC80123535709008F17FD /* AppDelegate.swift in Sources */,
				804EC84623536247008F17FD /* Authors.swift in Sources */,
				80C67312235B114300391199 /* PostsViewModel.swift in Sources */,
				80C6730E235B112500391199 /* PostsRouter.swift in Sources */,
				804EC83F23536044008F17FD /* APIError.swift in Sources */,
				80C67307235B0EB200391199 /* Posts.swift in Sources */,
			);
			runOnlyForDeploymentPostprocessing = 0;
		};
		804EC80D2353570E008F17FD /* Sources */ = {
			isa = PBXSourcesBuildPhase;
			buildActionMask = 2147483647;
			files = (
				804EC8162353570E008F17FD /* TestSymphonyTests.swift in Sources */,
			);
			runOnlyForDeploymentPostprocessing = 0;
		};
/* End PBXSourcesBuildPhase section */

/* Begin PBXTargetDependency section */
		804EC8132353570E008F17FD /* PBXTargetDependency */ = {
			isa = PBXTargetDependency;
			target = 804EC7FC23535709008F17FD /* TestSymphony */;
			targetProxy = 804EC8122353570E008F17FD /* PBXContainerItemProxy */;
		};
/* End PBXTargetDependency section */

/* Begin PBXVariantGroup section */
		800C3CFF23587C7E00E8D5BB /* Localizable.strings */ = {
			isa = PBXVariantGroup;
			children = (
				800C3CFE23587C7E00E8D5BB /* en */,
				800C3D0023587CB900E8D5BB /* fr */,
			);
			name = Localizable.strings;
			sourceTree = "<group>";
		};
		804EC80423535709008F17FD /* Main.storyboard */ = {
			isa = PBXVariantGroup;
			children = (
				804EC80523535709008F17FD /* Base */,
			);
			name = Main.storyboard;
			sourceTree = "<group>";
		};
		804EC8092353570E008F17FD /* LaunchScreen.storyboard */ = {
			isa = PBXVariantGroup;
			children = (
				804EC80A2353570E008F17FD /* Base */,
			);
			name = LaunchScreen.storyboard;
			sourceTree = "<group>";
		};
/* End PBXVariantGroup section */

/* Begin XCBuildConfiguration section */
		804EC8182353570E008F17FD /* Debug */ = {
			isa = XCBuildConfiguration;
			buildSettings = {
				ALWAYS_SEARCH_USER_PATHS = NO;
				CLANG_ANALYZER_LOCALIZABILITY_NONLOCALIZED = YES;
				CLANG_ANALYZER_NONNULL = YES;
				CLANG_ANALYZER_NUMBER_OBJECT_CONVERSION = YES_AGGRESSIVE;
				CLANG_CXX_LANGUAGE_STANDARD = "gnu++14";
				CLANG_CXX_LIBRARY = "libc++";
				CLANG_ENABLE_MODULES = YES;
				CLANG_ENABLE_OBJC_ARC = YES;
				CLANG_ENABLE_OBJC_WEAK = YES;
				CLANG_WARN_BLOCK_CAPTURE_AUTORELEASING = YES;
				CLANG_WARN_BOOL_CONVERSION = YES;
				CLANG_WARN_COMMA = YES;
				CLANG_WARN_CONSTANT_CONVERSION = YES;
				CLANG_WARN_DEPRECATED_OBJC_IMPLEMENTATIONS = YES;
				CLANG_WARN_DIRECT_OBJC_ISA_USAGE = YES_ERROR;
				CLANG_WARN_DOCUMENTATION_COMMENTS = YES;
				CLANG_WARN_EMPTY_BODY = YES;
				CLANG_WARN_ENUM_CONVERSION = YES;
				CLANG_WARN_INFINITE_RECURSION = YES;
				CLANG_WARN_INT_CONVERSION = YES;
				CLANG_WARN_NON_LITERAL_NULL_CONVERSION = YES;
				CLANG_WARN_OBJC_IMPLICIT_RETAIN_SELF = YES;
				CLANG_WARN_OBJC_LITERAL_CONVERSION = YES;
				CLANG_WARN_OBJC_ROOT_CLASS = YES_ERROR;
				CLANG_WARN_RANGE_LOOP_ANALYSIS = YES;
				CLANG_WARN_STRICT_PROTOTYPES = YES;
				CLANG_WARN_SUSPICIOUS_MOVE = YES;
				CLANG_WARN_UNGUARDED_AVAILABILITY = YES_AGGRESSIVE;
				CLANG_WARN_UNREACHABLE_CODE = YES;
				CLANG_WARN__DUPLICATE_METHOD_MATCH = YES;
				CODE_SIGN_IDENTITY = "iPhone Developer";
				COPY_PHASE_STRIP = NO;
				DEBUG_INFORMATION_FORMAT = dwarf;
				ENABLE_STRICT_OBJC_MSGSEND = YES;
				ENABLE_TESTABILITY = YES;
				GCC_C_LANGUAGE_STANDARD = gnu11;
				GCC_DYNAMIC_NO_PIC = NO;
				GCC_NO_COMMON_BLOCKS = YES;
				GCC_OPTIMIZATION_LEVEL = 0;
				GCC_PREPROCESSOR_DEFINITIONS = (
					"DEBUG=1",
					"$(inherited)",
				);
				GCC_WARN_64_TO_32_BIT_CONVERSION = YES;
				GCC_WARN_ABOUT_RETURN_TYPE = YES_ERROR;
				GCC_WARN_UNDECLARED_SELECTOR = YES;
				GCC_WARN_UNINITIALIZED_AUTOS = YES_AGGRESSIVE;
				GCC_WARN_UNUSED_FUNCTION = YES;
				GCC_WARN_UNUSED_VARIABLE = YES;
				IPHONEOS_DEPLOYMENT_TARGET = 12.2;
				MTL_ENABLE_DEBUG_INFO = INCLUDE_SOURCE;
				MTL_FAST_MATH = YES;
				ONLY_ACTIVE_ARCH = YES;
				SDKROOT = iphoneos;
				SWIFT_ACTIVE_COMPILATION_CONDITIONS = DEBUG;
				SWIFT_OPTIMIZATION_LEVEL = "-Onone";
			};
			name = Debug;
		};
		804EC8192353570E008F17FD /* Release */ = {
			isa = XCBuildConfiguration;
			buildSettings = {
				ALWAYS_SEARCH_USER_PATHS = NO;
				CLANG_ANALYZER_LOCALIZABILITY_NONLOCALIZED = YES;
				CLANG_ANALYZER_NONNULL = YES;
				CLANG_ANALYZER_NUMBER_OBJECT_CONVERSION = YES_AGGRESSIVE;
				CLANG_CXX_LANGUAGE_STANDARD = "gnu++14";
				CLANG_CXX_LIBRARY = "libc++";
				CLANG_ENABLE_MODULES = YES;
				CLANG_ENABLE_OBJC_ARC = YES;
				CLANG_ENABLE_OBJC_WEAK = YES;
				CLANG_WARN_BLOCK_CAPTURE_AUTORELEASING = YES;
				CLANG_WARN_BOOL_CONVERSION = YES;
				CLANG_WARN_COMMA = YES;
				CLANG_WARN_CONSTANT_CONVERSION = YES;
				CLANG_WARN_DEPRECATED_OBJC_IMPLEMENTATIONS = YES;
				CLANG_WARN_DIRECT_OBJC_ISA_USAGE = YES_ERROR;
				CLANG_WARN_DOCUMENTATION_COMMENTS = YES;
				CLANG_WARN_EMPTY_BODY = YES;
				CLANG_WARN_ENUM_CONVERSION = YES;
				CLANG_WARN_INFINITE_RECURSION = YES;
				CLANG_WARN_INT_CONVERSION = YES;
				CLANG_WARN_NON_LITERAL_NULL_CONVERSION = YES;
				CLANG_WARN_OBJC_IMPLICIT_RETAIN_SELF = YES;
				CLANG_WARN_OBJC_LITERAL_CONVERSION = YES;
				CLANG_WARN_OBJC_ROOT_CLASS = YES_ERROR;
				CLANG_WARN_RANGE_LOOP_ANALYSIS = YES;
				CLANG_WARN_STRICT_PROTOTYPES = YES;
				CLANG_WARN_SUSPICIOUS_MOVE = YES;
				CLANG_WARN_UNGUARDED_AVAILABILITY = YES_AGGRESSIVE;
				CLANG_WARN_UNREACHABLE_CODE = YES;
				CLANG_WARN__DUPLICATE_METHOD_MATCH = YES;
				CODE_SIGN_IDENTITY = "iPhone Developer";
				COPY_PHASE_STRIP = NO;
				DEBUG_INFORMATION_FORMAT = "dwarf-with-dsym";
				ENABLE_NS_ASSERTIONS = NO;
				ENABLE_STRICT_OBJC_MSGSEND = YES;
				GCC_C_LANGUAGE_STANDARD = gnu11;
				GCC_NO_COMMON_BLOCKS = YES;
				GCC_WARN_64_TO_32_BIT_CONVERSION = YES;
				GCC_WARN_ABOUT_RETURN_TYPE = YES_ERROR;
				GCC_WARN_UNDECLARED_SELECTOR = YES;
				GCC_WARN_UNINITIALIZED_AUTOS = YES_AGGRESSIVE;
				GCC_WARN_UNUSED_FUNCTION = YES;
				GCC_WARN_UNUSED_VARIABLE = YES;
				IPHONEOS_DEPLOYMENT_TARGET = 12.2;
				MTL_ENABLE_DEBUG_INFO = NO;
				MTL_FAST_MATH = YES;
				SDKROOT = iphoneos;
				SWIFT_COMPILATION_MODE = wholemodule;
				SWIFT_OPTIMIZATION_LEVEL = "-O";
				VALIDATE_PRODUCT = YES;
			};
			name = Release;
		};
		804EC81B2353570E008F17FD /* Debug */ = {
			isa = XCBuildConfiguration;
			buildSettings = {
				ASSETCATALOG_COMPILER_APPICON_NAME = AppIcon;
				CODE_SIGN_STYLE = Automatic;
				DEVELOPMENT_TEAM = 6JQ3K2TP94;
				INFOPLIST_FILE = "TestSymphony/Supporting Files/Info.plist";
				LD_RUNPATH_SEARCH_PATHS = (
					"$(inherited)",
					"@executable_path/Frameworks",
				);
				PRODUCT_BUNDLE_IDENTIFIER = com.raed.TestSymphony;
				PRODUCT_NAME = "$(TARGET_NAME)";
				SWIFT_VERSION = 5.0;
				TARGETED_DEVICE_FAMILY = 1;
			};
			name = Debug;
		};
		804EC81C2353570E008F17FD /* Release */ = {
			isa = XCBuildConfiguration;
			buildSettings = {
				ASSETCATALOG_COMPILER_APPICON_NAME = AppIcon;
				CODE_SIGN_STYLE = Automatic;
				DEVELOPMENT_TEAM = 6JQ3K2TP94;
				INFOPLIST_FILE = "TestSymphony/Supporting Files/Info.plist";
				LD_RUNPATH_SEARCH_PATHS = (
					"$(inherited)",
					"@executable_path/Frameworks",
				);
				PRODUCT_BUNDLE_IDENTIFIER = com.raed.TestSymphony;
				PRODUCT_NAME = "$(TARGET_NAME)";
				SWIFT_VERSION = 5.0;
				TARGETED_DEVICE_FAMILY = 1;
			};
			name = Release;
		};
		804EC81E2353570E008F17FD /* Debug */ = {
			isa = XCBuildConfiguration;
			buildSettings = {
				ALWAYS_EMBED_SWIFT_STANDARD_LIBRARIES = YES;
				BUNDLE_LOADER = "$(TEST_HOST)";
				CODE_SIGN_STYLE = Automatic;
				INFOPLIST_FILE = TestSymphonyTests/Info.plist;
				LD_RUNPATH_SEARCH_PATHS = (
					"$(inherited)",
					"@executable_path/Frameworks",
					"@loader_path/Frameworks",
				);
				PRODUCT_BUNDLE_IDENTIFIER = com.raed.TestSymphonyTests;
				PRODUCT_NAME = "$(TARGET_NAME)";
				SWIFT_VERSION = 5.0;
				TARGETED_DEVICE_FAMILY = "1,2";
				TEST_HOST = "$(BUILT_PRODUCTS_DIR)/TestSymphony.app/TestSymphony";
			};
			name = Debug;
		};
		804EC81F2353570E008F17FD /* Release */ = {
			isa = XCBuildConfiguration;
			buildSettings = {
				ALWAYS_EMBED_SWIFT_STANDARD_LIBRARIES = YES;
				BUNDLE_LOADER = "$(TEST_HOST)";
				CODE_SIGN_STYLE = Automatic;
				INFOPLIST_FILE = TestSymphonyTests/Info.plist;
				LD_RUNPATH_SEARCH_PATHS = (
					"$(inherited)",
					"@executable_path/Frameworks",
					"@loader_path/Frameworks",
				);
				PRODUCT_BUNDLE_IDENTIFIER = com.raed.TestSymphonyTests;
				PRODUCT_NAME = "$(TARGET_NAME)";
				SWIFT_VERSION = 5.0;
				TARGETED_DEVICE_FAMILY = "1,2";
				TEST_HOST = "$(BUILT_PRODUCTS_DIR)/TestSymphony.app/TestSymphony";
			};
			name = Release;
		};
/* End XCBuildConfiguration section */

/* Begin XCConfigurationList section */
		804EC7F823535709008F17FD /* Build configuration list for PBXProject "TestSymphony" */ = {
			isa = XCConfigurationList;
			buildConfigurations = (
				804EC8182353570E008F17FD /* Debug */,
				804EC8192353570E008F17FD /* Release */,
			);
			defaultConfigurationIsVisible = 0;
			defaultConfigurationName = Release;
		};
		804EC81A2353570E008F17FD /* Build configuration list for PBXNativeTarget "TestSymphony" */ = {
			isa = XCConfigurationList;
			buildConfigurations = (
				804EC81B2353570E008F17FD /* Debug */,
				804EC81C2353570E008F17FD /* Release */,
			);
			defaultConfigurationIsVisible = 0;
			defaultConfigurationName = Release;
		};
		804EC81D2353570E008F17FD /* Build configuration list for PBXNativeTarget "TestSymphonyTests" */ = {
			isa = XCConfigurationList;
			buildConfigurations = (
				804EC81E2353570E008F17FD /* Debug */,
				804EC81F2353570E008F17FD /* Release */,
			);
			defaultConfigurationIsVisible = 0;
			defaultConfigurationName = Release;
		};
/* End XCConfigurationList section */
	};
	rootObject = 804EC7F523535709008F17FD /* Project object */;
}
